
Microsoft Visual Studio Solution File, Format Version 11.00
# Visual Studio 2010
# SharpDevelop 5.1
Project("{FAE04EC0-301F-11D3-BF4B-00C04F79EFBC}") = "MathQuiz", "MathQuiz\MathQuiz.csproj", "{9C820ED7-6D65-435E-9B0A-178305E45DB2}"
EndProject
Global
	GlobalSection(SolutionConfigurationPlatforms) = preSolution
		Debug|Any CPU = Debug|Any CPU
		Release|Any CPU = Release|Any CPU
	EndGlobalSection
	GlobalSection(ProjectConfigurationPlatforms) = postSolution
		{9C820ED7-6D65-435E-9B0A-178305E45DB2}.Debug|Any CPU.ActiveCfg = Debug|Any CPU
		{9C820ED7-6D65-435E-9B0A-178305E45DB2}.Debug|Any CPU.Build.0 = Debug|Any CPU
		{9C820ED7-6D65-435E-9B0A-178305E45DB2}.Release|Any CPU.ActiveCfg = Release|Any CPU
		{9C820ED7-6D65-435E-9B0A-178305E45DB2}.Release|Any CPU.Build.0 = Release|Any CPU
	EndGlobalSection
EndGlobal
